{
  "name": "5.6",
  "lockfileVersion": 3,
  "requires": true,
  "packages": {
    "": {
      "dependencies": {
        "types-registry": "^0.1.693"
      },
      "devDependencies": {
        "@types/eslint__eslintrc": "^2.1.2",
        "@types/eslint__js": "^8.42.3",
        "@types/eslint-plugin-jsx-a11y": "^6.9.0",
        "@types/lodash": "^4.17.13",
        "@types/readline-sync": "^1.4.8"
      }
    },
    "node_modules/@types/eslint": {
      "version": "9.6.1",
      "resolved": "https://registry.npmjs.org/@types/eslint/-/eslint-9.6.1.tgz",
      "integrity": "sha512-FXx2pKgId/WyYo2jXw63kk7/+TY7u7AziEJxJAnSFzHlqTAS3Ync6SvgYAN/k4/PQpnnVuzoMuVnByKK2qp0ag==",
      "dev": true,
      "license": "MIT",
      "dependencies": {
        "@types/estree": "*",
        "@types/json-schema": "*"
      }
    },
    "node_modules/@types/eslint__eslintrc": {
      "version": "2.1.2",
      "resolved": "https://registry.npmjs.org/@types/eslint__eslintrc/-/eslint__eslintrc-2.1.2.tgz",
      "integrity": "sha512-qXvzPFY7Rz05xD8ZApXJ3S8xStQD2Ibzu3EFIF0UMNOAfLY5xUu3H61q0JrHo2OXD6rcFG75yUxNQbkKtFKBSw==",
      "dev": true,
      "license": "MIT",
      "dependencies": {
        "@types/eslint": "*"
      }
    },
    "node_modules/@types/eslint__js": {
      "version": "8.42.3",
      "resolved": "https://registry.npmjs.org/@types/eslint__js/-/eslint__js-8.42.3.tgz",
      "integrity": "sha512-alfG737uhmPdnvkrLdZLcEKJ/B8s9Y4hrZ+YAdzUeoArBlSUERA2E87ROfOaS4jd/C45fzOoZzidLc1IPwLqOw==",
      "dev": true,
      "license": "MIT",
      "dependencies": {
        "@types/eslint": "*"
      }
    },
    "node_modules/@types/eslint-plugin-jsx-a11y": {
      "version": "6.9.0",
      "resolved": "https://registry.npmjs.org/@types/eslint-plugin-jsx-a11y/-/eslint-plugin-jsx-a11y-6.9.0.tgz",
      "integrity": "sha512-5nw0sPyYGCsFibwjOXftxends8Nrh/JLgDtBWj6aJVcN14kHwy1yIy0o1MGLKfCcR27pvUFGgYG+hX2HSX16uA==",
      "dev": true,
      "license": "MIT",
      "dependencies": {
        "@types/eslint": "*"
      }
    },
    "node_modules/@types/estree": {
      "version": "1.0.6",
      "resolved": "https://registry.npmjs.org/@types/estree/-/estree-1.0.6.tgz",
      "integrity": "sha512-AYnb1nQyY49te+VRAVgmzfcgjYS91mY5P0TKUDCLEM+gNnA+3T6rWITXRLYCpahpqSQbN5cE+gHpnPyXjHWxcw==",
      "dev": true,
      "license": "MIT"
    },
    "node_modules/@types/json-schema": {
      "version": "7.0.15",
      "resolved": "https://registry.npmjs.org/@types/json-schema/-/json-schema-7.0.15.tgz",
      "integrity": "sha512-5+fP8P8MFNC+AyZCDxrB2pkZFPGzqQWUzpSeuuVLvm8VMcorNYavBqoFcxK8bQz4Qsbn4oUEEem4wDLfcysGHA==",
      "dev": true,
      "license": "MIT"
    },
    "node_modules/@types/lodash": {
      "version": "4.17.13",
      "resolved": "https://registry.npmjs.org/@types/lodash/-/lodash-4.17.13.tgz",
      "integrity": "sha512-lfx+dftrEZcdBPczf9d0Qv0x+j/rfNCMuC6OcfXmO8gkfeNAY88PgKUbvG56whcN23gc27yenwF6oJZXGFpYxg==",
      "dev": true,
      "license": "MIT"
    },
    "node_modules/@types/readline-sync": {
      "version": "1.4.8",
      "resolved": "https://registry.npmjs.org/@types/readline-sync/-/readline-sync-1.4.8.tgz",
      "integrity": "sha512-BL7xOf0yKLA6baAX6MMOnYkoflUyj/c7y3pqMRfU0va7XlwHAOTOIo4x55P/qLfMsuaYdJJKubToLqRVmRtRZA==",
      "dev": true,
      "license": "MIT"
    },
    "node_modules/types-registry": {
      "version": "0.1.693",
      "resolved": "https://registry.npmjs.org/types-registry/-/types-registry-0.1.693.tgz",
      "integrity": "sha512-+se0R4MGmGU3DM92pIKyq4BtB4BEqiblim1hF/ilfnoiWzPQ3QlHufjGqZhWd9zvcwTO6frBBiLdafTcGFfyKw==",
      "license": "MIT"
    }
  }
}
